
Microsoft Visual Studio Solution File, Format Version 12.00
# Visual Studio 15
VisualStudioVersion = 15.0.28010.2016
MinimumVisualStudioVersion = 10.0.40219.1
Project("{FAE04EC0-301F-11D3-BF4B-00C04F79EFBC}") = "Transportation.Test", "Transportation.Test\Transportation.Test.csproj", "{0F01A7BF-1E1C-4D4A-9A79-94B0F6DBBE9E}"
EndProject
Project("{FAE04EC0-301F-11D3-BF4B-00C04F79EFBC}") = "Transportation", "Transportation\Transportation.csproj", "{2D3B3464-9410-4534-A2B9-2CA27E7AF8B8}"
EndProject
Project("{FAE04EC0-301F-11D3-BF4B-00C04F79EFBC}") = "TransportationApp", "TransportationApp\TransportationApp.csproj", "{819147B5-7939-42F5-971A-45669A262A73}"
EndProject
Global
	GlobalSection(SolutionConfigurationPlatforms) = preSolution
		Debug|Any CPU = Debug|Any CPU
		Release|Any CPU = Release|Any CPU
	EndGlobalSection
	GlobalSection(ProjectConfigurationPlatforms) = postSolution
		{0F01A7BF-1E1C-4D4A-9A79-94B0F6DBBE9E}.Debug|Any CPU.ActiveCfg = Debug|Any CPU
		{0F01A7BF-1E1C-4D4A-9A79-94B0F6DBBE9E}.Debug|Any CPU.Build.0 = Debug|Any CPU
		{0F01A7BF-1E1C-4D4A-9A79-94B0F6DBBE9E}.Release|Any CPU.ActiveCfg = Release|Any CPU
		{0F01A7BF-1E1C-4D4A-9A79-94B0F6DBBE9E}.Release|Any CPU.Build.0 = Release|Any CPU
		{2D3B3464-9410-4534-A2B9-2CA27E7AF8B8}.Debug|Any CPU.ActiveCfg = Debug|Any CPU
		{2D3B3464-9410-4534-A2B9-2CA27E7AF8B8}.Debug|Any CPU.Build.0 = Debug|Any CPU
		{2D3B3464-9410-4534-A2B9-2CA27E7AF8B8}.Release|Any CPU.ActiveCfg = Release|Any CPU
		{2D3B3464-9410-4534-A2B9-2CA27E7AF8B8}.Release|Any CPU.Build.0 = Release|Any CPU
		{819147B5-7939-42F5-971A-45669A262A73}.Debug|Any CPU.ActiveCfg = Debug|Any CPU
		{819147B5-7939-42F5-971A-45669A262A73}.Debug|Any CPU.Build.0 = Debug|Any CPU
		{819147B5-7939-42F5-971A-45669A262A73}.Release|Any CPU.ActiveCfg = Release|Any CPU
		{819147B5-7939-42F5-971A-45669A262A73}.Release|Any CPU.Build.0 = Release|Any CPU
	EndGlobalSection
	GlobalSection(SolutionProperties) = preSolution
		HideSolutionNode = FALSE
	EndGlobalSection
	GlobalSection(ExtensibilityGlobals) = postSolution
		SolutionGuid = {0432D29B-FB7A-4B47-8180-0F517B33E315}
	EndGlobalSection
EndGlobal
